
Microsoft Visual Studio Solution File, Format Version 12.00
# Visual Studio 15
VisualStudioVersion = 15.0.28307.106
MinimumVisualStudioVersion = 10.0.40219.1
Project("{8BC9CEB8-8B4A-11D0-8D11-00A0C91BC942}") = "codeInterview-1", "codeInterview-1.vcxproj", "{62DA1D4A-5624-4181-92FE-67F47C55A0AF}"
EndProject
Global
	GlobalSection(SolutionConfigurationPlatforms) = preSolution
		Debug|x64 = Debug|x64
		Debug|x86 = Debug|x86
		Release|x64 = Release|x64
		Release|x86 = Release|x86
	EndGlobalSection
	GlobalSection(ProjectConfigurationPlatforms) = postSolution
		{62DA1D4A-5624-4181-92FE-67F47C55A0AF}.Debug|x64.ActiveCfg = Debug|x64
		{62DA1D4A-5624-4181-92FE-67F47C55A0AF}.Debug|x64.Build.0 = Debug|x64
		{62DA1D4A-5624-4181-92FE-67F47C55A0AF}.Debug|x86.ActiveCfg = Debug|Win32
		{62DA1D4A-5624-4181-92FE-67F47C55A0AF}.Debug|x86.Build.0 = Debug|Win32
		{62DA1D4A-5624-4181-92FE-67F47C55A0AF}.Release|x64.ActiveCfg = Release|x64
		{62DA1D4A-5624-4181-92FE-67F47C55A0AF}.Release|x64.Build.0 = Release|x64
		{62DA1D4A-5624-4181-92FE-67F47C55A0AF}.Release|x86.ActiveCfg = Release|Win32
		{62DA1D4A-5624-4181-92FE-67F47C55A0AF}.Release|x86.Build.0 = Release|Win32
	EndGlobalSection
	GlobalSection(SolutionProperties) = preSolution
		HideSolutionNode = FALSE
	EndGlobalSection
	GlobalSection(ExtensibilityGlobals) = postSolution
		SolutionGuid = {EC423024-4638-4C6E-A340-2885B58031B9}
	EndGlobalSection
EndGlobal
